// !$*UTF8*$!
{
	archiveVersion = 1;
	classes = {
	};
	objectVersion = 77;
	objects = {

/* Begin PBXBuildFile section */
		96C2FA612CF06C0A0074A03B /* Pendo in Frameworks */ = {isa = PBXBuildFile; productRef = 96C2FA602CF06C0A0074A03B /* Pendo */; };
/* End PBXBuildFile section */

/* Begin PBXContainerItemProxy section */
		968747362CEDCBFF006A6478 /* PBXContainerItemProxy */ = {
			isa = PBXContainerItemProxy;
			containerPortal = 9687471D2CEDCBFE006A6478 /* Project object */;
			proxyType = 1;
			remoteGlobalIDString = 968747242CEDCBFE006A6478;
			remoteInfo = swiftyapp;
		};
		968747402CEDCBFF006A6478 /* PBXContainerItemProxy */ = {
			isa = PBXContainerItemProxy;
			containerPortal = 9687471D2CEDCBFE006A6478 /* Project object */;
			proxyType = 1;
			remoteGlobalIDString = 968747242CEDCBFE006A6478;
			remoteInfo = swiftyapp;
		};
/* End PBXContainerItemProxy section */

/* Begin PBXFileReference section */
		968747252CEDCBFE006A6478 /* swiftyapp.app */ = {isa = PBXFileReference; explicitFileType = wrapper.application; includeInIndex = 0; path = swiftyapp.app; sourceTree = BUILT_PRODUCTS_DIR; };
		968747352CEDCBFF006A6478 /* swiftyappTests.xctest */ = {isa = PBXFileReference; explicitFileType = wrapper.cfbundle; includeInIndex = 0; path = swiftyappTests.xctest; sourceTree = BUILT_PRODUCTS_DIR; };
		9687473F2CEDCBFF006A6478 /* swiftyappUITests.xctest */ = {isa = PBXFileReference; explicitFileType = wrapper.cfbundle; includeInIndex = 0; path = swiftyappUITests.xctest; sourceTree = BUILT_PRODUCTS_DIR; };
/* End PBXFileReference section */

/* Begin PBXFileSystemSynchronizedBuildFileExceptionSet section */
		96C2FA632CF076B90074A03B /* Exceptions for "swiftyapp" folder in "swiftyapp" target */ = {
			isa = PBXFileSystemSynchronizedBuildFileExceptionSet;
			membershipExceptions = (
				Info.plist,
			);
			target = 968747242CEDCBFE006A6478 /* swiftyapp */;
		};
/* End PBXFileSystemSynchronizedBuildFileExceptionSet section */

/* Begin PBXFileSystemSynchronizedRootGroup section */
		968747272CEDCBFE006A6478 /* swiftyapp */ = {
			isa = PBXFileSystemSynchronizedRootGroup;
			exceptions = (
				96C2FA632CF076B90074A03B /* Exceptions for "swiftyapp" folder in "swiftyapp" target */,
			);
			path = swiftyapp;
			sourceTree = "<group>";
		};
		968747382CEDCBFF006A6478 /* swiftyappTests */ = {
			isa = PBXFileSystemSynchronizedRootGroup;
			path = swiftyappTests;
			sourceTree = "<group>";
		};
		968747422CEDCBFF006A6478 /* swiftyappUITests */ = {
			isa = PBXFileSystemSynchronizedRootGroup;
			path = swiftyappUITests;
			sourceTree = "<group>";
		};
/* End PBXFileSystemSynchronizedRootGroup section */

/* Begin PBXFrameworksBuildPhase section */
		968747222CEDCBFE006A6478 /* Frameworks */ = {
			isa = PBXFrameworksBuildPhase;
			buildActionMask = 2147483647;
			files = (
				96C2FA612CF06C0A0074A03B /* Pendo in Frameworks */,
			);
			runOnlyForDeploymentPostprocessing = 0;
		};
		968747322CEDCBFF006A6478 /* Frameworks */ = {
			isa = PBXFrameworksBuildPhase;
			buildActionMask = 2147483647;
			files = (
			);
			runOnlyForDeploymentPostprocessing = 0;
		};
		9687473C2CEDCBFF006A6478 /* Frameworks */ = {
			isa = PBXFrameworksBuildPhase;
			buildActionMask = 2147483647;
			files = (
			);
			runOnlyForDeploymentPostprocessing = 0;
		};
/* End PBXFrameworksBuildPhase section */

/* Begin PBXGroup section */
		9687471C2CEDCBFE006A6478 = {
			isa = PBXGroup;
			children = (
				968747272CEDCBFE006A6478 /* swiftyapp */,
				968747382CEDCBFF006A6478 /* swiftyappTests */,
				968747422CEDCBFF006A6478 /* swiftyappUITests */,
				968747262CEDCBFE006A6478 /* Products */,
			);
			sourceTree = "<group>";
		};
		968747262CEDCBFE006A6478 /* Products */ = {
			isa = PBXGroup;
			children = (
				968747252CEDCBFE006A6478 /* swiftyapp.app */,
				968747352CEDCBFF006A6478 /* swiftyappTests.xctest */,
				9687473F2CEDCBFF006A6478 /* swiftyappUITests.xctest */,
			);
			name = Products;
			sourceTree = "<group>";
		};
/* End PBXGroup section */

/* Begin PBXNativeTarget section */
		968747242CEDCBFE006A6478 /* swiftyapp */ = {
			isa = PBXNativeTarget;
			buildConfigurationList = 968747492CEDCBFF006A6478 /* Build configuration list for PBXNativeTarget "swiftyapp" */;
			buildPhases = (
				968747212CEDCBFE006A6478 /* Sources */,
				968747222CEDCBFE006A6478 /* Frameworks */,
				968747232CEDCBFE006A6478 /* Resources */,
			);
			buildRules = (
			);
			dependencies = (
			);
			fileSystemSynchronizedGroups = (
				968747272CEDCBFE006A6478 /* swiftyapp */,
			);
			name = swiftyapp;
			packageProductDependencies = (
				96C2FA602CF06C0A0074A03B /* Pendo */,
			);
			productName = swiftyapp;
			productReference = 968747252CEDCBFE006A6478 /* swiftyapp.app */;
			productType = "com.apple.product-type.application";
		};
		968747342CEDCBFF006A6478 /* swiftyappTests */ = {
			isa = PBXNativeTarget;
			buildConfigurationList = 9687474C2CEDCBFF006A6478 /* Build configuration list for PBXNativeTarget "swiftyappTests" */;
			buildPhases = (
				968747312CEDCBFF006A6478 /* Sources */,
				968747322CEDCBFF006A6478 /* Frameworks */,
				968747332CEDCBFF006A6478 /* Resources */,
			);
			buildRules = (
			);
			dependencies = (
				968747372CEDCBFF006A6478 /* PBXTargetDependency */,
			);
			fileSystemSynchronizedGroups = (
				968747382CEDCBFF006A6478 /* swiftyappTests */,
			);
			name = swiftyappTests;
			packageProductDependencies = (
			);
			productName = swiftyappTests;
			productReference = 968747352CEDCBFF006A6478 /* swiftyappTests.xctest */;
			productType = "com.apple.product-type.bundle.unit-test";
		};
		9687473E2CEDCBFF006A6478 /* swiftyappUITests */ = {
			isa = PBXNativeTarget;
			buildConfigurationList = 9687474F2CEDCBFF006A6478 /* Build configuration list for PBXNativeTarget "swiftyappUITests" */;
			buildPhases = (
				9687473B2CEDCBFF006A6478 /* Sources */,
				9687473C2CEDCBFF006A6478 /* Frameworks */,
				9687473D2CEDCBFF006A6478 /* Resources */,
			);
			buildRules = (
			);
			dependencies = (
				968747412CEDCBFF006A6478 /* PBXTargetDependency */,
			);
			fileSystemSynchronizedGroups = (
				968747422CEDCBFF006A6478 /* swiftyappUITests */,
			);
			name = swiftyappUITests;
			packageProductDependencies = (
			);
			productName = swiftyappUITests;
			productReference = 9687473F2CEDCBFF006A6478 /* swiftyappUITests.xctest */;
			productType = "com.apple.product-type.bundle.ui-testing";
		};
/* End PBXNativeTarget section */

/* Begin PBXProject section */
		9687471D2CEDCBFE006A6478 /* Project object */ = {
			isa = PBXProject;
			attributes = {
				BuildIndependentTargetsInParallel = 1;
				LastSwiftUpdateCheck = 1610;
				LastUpgradeCheck = 1610;
				TargetAttributes = {
					968747242CEDCBFE006A6478 = {
						CreatedOnToolsVersion = 16.1;
					};
					968747342CEDCBFF006A6478 = {
						CreatedOnToolsVersion = 16.1;
						TestTargetID = 968747242CEDCBFE006A6478;
					};
					9687473E2CEDCBFF006A6478 = {
						CreatedOnToolsVersion = 16.1;
						TestTargetID = 968747242CEDCBFE006A6478;
					};
				};
			};
			buildConfigurationList = 968747202CEDCBFE006A6478 /* Build configuration list for PBXProject "swiftyapp" */;
			developmentRegion = en;
			hasScannedForEncodings = 0;
			knownRegions = (
				en,
				Base,
			);
			mainGroup = 9687471C2CEDCBFE006A6478;
			minimizedProjectReferenceProxies = 1;
			packageReferences = (
				96C2FA4C2CF05E4E0074A03B /* XCRemoteSwiftPackageReference "pendo-mobile-sdk" */,
			);
			preferredProjectObjectVersion = 77;
			productRefGroup = 968747262CEDCBFE006A6478 /* Products */;
			projectDirPath = "";
			projectRoot = "";
			targets = (
				968747242CEDCBFE006A6478 /* swiftyapp */,
				968747342CEDCBFF006A6478 /* swiftyappTests */,
				9687473E2CEDCBFF006A6478 /* swiftyappUITests */,
			);
		};
/* End PBXProject section */

/* Begin PBXResourcesBuildPhase section */
		968747232CEDCBFE006A6478 /* Resources */ = {
			isa = PBXResourcesBuildPhase;
			buildActionMask = 2147483647;
			files = (
			);
			runOnlyForDeploymentPostprocessing = 0;
		};
		968747332CEDCBFF006A6478 /* Resources */ = {
			isa = PBXResourcesBuildPhase;
			buildActionMask = 2147483647;
			files = (
			);
			runOnlyForDeploymentPostprocessing = 0;
		};
		9687473D2CEDCBFF006A6478 /* Resources */ = {
			isa = PBXResourcesBuildPhase;
			buildActionMask = 2147483647;
			files = (
			);
			runOnlyForDeploymentPostprocessing = 0;
		};
/* End PBXResourcesBuildPhase section */

/* Begin PBXSourcesBuildPhase section */
		968747212CEDCBFE006A6478 /* Sources */ = {
			isa = PBXSourcesBuildPhase;
			buildActionMask = 2147483647;
			files = (
			);
			runOnlyForDeploymentPostprocessing = 0;
		};
		968747312CEDCBFF006A6478 /* Sources */ = {
			isa = PBXSourcesBuildPhase;
			buildActionMask = 2147483647;
			files = (
			);
			runOnlyForDeploymentPostprocessing = 0;
		};
		9687473B2CEDCBFF006A6478 /* Sources */ = {
			isa = PBXSourcesBuildPhase;
			buildActionMask = 2147483647;
			files = (
			);
			runOnlyForDeploymentPostprocessing = 0;
		};
/* End PBXSourcesBuildPhase section */

/* Begin PBXTargetDependency section */
		968747372CEDCBFF006A6478 /* PBXTargetDependency */ = {
			isa = PBXTargetDependency;
			target = 968747242CEDCBFE006A6478 /* swiftyapp */;
			targetProxy = 968747362CEDCBFF006A6478 /* PBXContainerItemProxy */;
		};
		968747412CEDCBFF006A6478 /* PBXTargetDependency */ = {
			isa = PBXTargetDependency;
			target = 968747242CEDCBFE006A6478 /* swiftyapp */;
			targetProxy = 968747402CEDCBFF006A6478 /* PBXContainerItemProxy */;
		};
/* End PBXTargetDependency section */

/* Begin XCBuildConfiguration section */
		968747472CEDCBFF006A6478 /* Debug */ = {
			isa = XCBuildConfiguration;
			buildSettings = {
				ALWAYS_SEARCH_USER_PATHS = NO;
				ASSETCATALOG_COMPILER_GENERATE_SWIFT_ASSET_SYMBOL_EXTENSIONS = YES;
				CLANG_ANALYZER_NONNULL = YES;
				CLANG_ANALYZER_NUMBER_OBJECT_CONVERSION = YES_AGGRESSIVE;
				CLANG_CXX_LANGUAGE_STANDARD = "gnu++20";
				CLANG_ENABLE_MODULES = YES;
				CLANG_ENABLE_OBJC_ARC = YES;
				CLANG_ENABLE_OBJC_WEAK = YES;
				CLANG_WARN_BLOCK_CAPTURE_AUTORELEASING = YES;
				CLANG_WARN_BOOL_CONVERSION = YES;
				CLANG_WARN_COMMA = YES;
				CLANG_WARN_CONSTANT_CONVERSION = YES;
				CLANG_WARN_DEPRECATED_OBJC_IMPLEMENTATIONS = YES;
				CLANG_WARN_DIRECT_OBJC_ISA_USAGE = YES_ERROR;
				CLANG_WARN_DOCUMENTATION_COMMENTS = YES;
				CLANG_WARN_EMPTY_BODY = YES;
				CLANG_WARN_ENUM_CONVERSION = YES;
				CLANG_WARN_INFINITE_RECURSION = YES;
				CLANG_WARN_INT_CONVERSION = YES;
				CLANG_WARN_NON_LITERAL_NULL_CONVERSION = YES;
				CLANG_WARN_OBJC_IMPLICIT_RETAIN_SELF = YES;
				CLANG_WARN_OBJC_LITERAL_CONVERSION = YES;
				CLANG_WARN_OBJC_ROOT_CLASS = YES_ERROR;
				CLANG_WARN_QUOTED_INCLUDE_IN_FRAMEWORK_HEADER = YES;
				CLANG_WARN_RANGE_LOOP_ANALYSIS = YES;
				CLANG_WARN_STRICT_PROTOTYPES = YES;
				CLANG_WARN_SUSPICIOUS_MOVE = YES;
				CLANG_WARN_UNGUARDED_AVAILABILITY = YES_AGGRESSIVE;
				CLANG_WARN_UNREACHABLE_CODE = YES;
				CLANG_WARN__DUPLICATE_METHOD_MATCH = YES;
				COPY_PHASE_STRIP = NO;
				DEBUG_INFORMATION_FORMAT = dwarf;
				ENABLE_STRICT_OBJC_MSGSEND = YES;
				ENABLE_TESTABILITY = YES;
				ENABLE_USER_SCRIPT_SANDBOXING = YES;
				GCC_C_LANGUAGE_STANDARD = gnu17;
				GCC_DYNAMIC_NO_PIC = NO;
				GCC_NO_COMMON_BLOCKS = YES;
				GCC_OPTIMIZATION_LEVEL = 0;
				GCC_PREPROCESSOR_DEFINITIONS = (
					"DEBUG=1",
					"$(inherited)",
				);
				GCC_WARN_64_TO_32_BIT_CONVERSION = YES;
				GCC_WARN_ABOUT_RETURN_TYPE = YES_ERROR;
				GCC_WARN_UNDECLARED_SELECTOR = YES;
				GCC_WARN_UNINITIALIZED_AUTOS = YES_AGGRESSIVE;
				GCC_WARN_UNUSED_FUNCTION = YES;
				GCC_WARN_UNUSED_VARIABLE = YES;
				IPHONEOS_DEPLOYMENT_TARGET = 18.1;
				LOCALIZATION_PREFERS_STRING_CATALOGS = YES;
				MTL_ENABLE_DEBUG_INFO = INCLUDE_SOURCE;
				MTL_FAST_MATH = YES;
				ONLY_ACTIVE_ARCH = YES;
				SDKROOT = iphoneos;
				SWIFT_ACTIVE_COMPILATION_CONDITIONS = "DEBUG $(inherited)";
				SWIFT_OPTIMIZATION_LEVEL = "-Onone";
			};
			name = Debug;
		};
		968747482CEDCBFF006A6478 /* Release */ = {
			isa = XCBuildConfiguration;
			buildSettings = {
				ALWAYS_SEARCH_USER_PATHS = NO;
				ASSETCATALOG_COMPILER_GENERATE_SWIFT_ASSET_SYMBOL_EXTENSIONS = YES;
				CLANG_ANALYZER_NONNULL = YES;
				CLANG_ANALYZER_NUMBER_OBJECT_CONVERSION = YES_AGGRESSIVE;
				CLANG_CXX_LANGUAGE_STANDARD = "gnu++20";
				CLANG_ENABLE_MODULES = YES;
				CLANG_ENABLE_OBJC_ARC = YES;
				CLANG_ENABLE_OBJC_WEAK = YES;
				CLANG_WARN_BLOCK_CAPTURE_AUTORELEASING = YES;
				CLANG_WARN_BOOL_CONVERSION = YES;
				CLANG_WARN_COMMA = YES;
				CLANG_WARN_CONSTANT_CONVERSION = YES;
				CLANG_WARN_DEPRECATED_OBJC_IMPLEMENTATIONS = YES;
				CLANG_WARN_DIRECT_OBJC_ISA_USAGE = YES_ERROR;
				CLANG_WARN_DOCUMENTATION_COMMENTS = YES;
				CLANG_WARN_EMPTY_BODY = YES;
				CLANG_WARN_ENUM_CONVERSION = YES;
				CLANG_WARN_INFINITE_RECURSION = YES;
				CLANG_WARN_INT_CONVERSION = YES;
				CLANG_WARN_NON_LITERAL_NULL_CONVERSION = YES;
				CLANG_WARN_OBJC_IMPLICIT_RETAIN_SELF = YES;
				CLANG_WARN_OBJC_LITERAL_CONVERSION = YES;
				CLANG_WARN_OBJC_ROOT_CLASS = YES_ERROR;
				CLANG_WARN_QUOTED_INCLUDE_IN_FRAMEWORK_HEADER = YES;
				CLANG_WARN_RANGE_LOOP_ANALYSIS = YES;
				CLANG_WARN_STRICT_PROTOTYPES = YES;
				CLANG_WARN_SUSPICIOUS_MOVE = YES;
				CLANG_WARN_UNGUARDED_AVAILABILITY = YES_AGGRESSIVE;
				CLANG_WARN_UNREACHABLE_CODE = YES;
				CLANG_WARN__DUPLICATE_METHOD_MATCH = YES;
				COPY_PHASE_STRIP = NO;
				DEBUG_INFORMATION_FORMAT = "dwarf-with-dsym";
				ENABLE_NS_ASSERTIONS = NO;
				ENABLE_STRICT_OBJC_MSGSEND = YES;
				ENABLE_USER_SCRIPT_SANDBOXING = YES;
				GCC_C_LANGUAGE_STANDARD = gnu17;
				GCC_NO_COMMON_BLOCKS = YES;
				GCC_WARN_64_TO_32_BIT_CONVERSION = YES;
				GCC_WARN_ABOUT_RETURN_TYPE = YES_ERROR;
				GCC_WARN_UNDECLARED_SELECTOR = YES;
				GCC_WARN_UNINITIALIZED_AUTOS = YES_AGGRESSIVE;
				GCC_WARN_UNUSED_FUNCTION = YES;
				GCC_WARN_UNUSED_VARIABLE = YES;
				IPHONEOS_DEPLOYMENT_TARGET = 18.1;
				LOCALIZATION_PREFERS_STRING_CATALOGS = YES;
				MTL_ENABLE_DEBUG_INFO = NO;
				MTL_FAST_MATH = YES;
				SDKROOT = iphoneos;
				SWIFT_COMPILATION_MODE = wholemodule;
				VALIDATE_PRODUCT = YES;
			};
			name = Release;
		};
		9687474A2CEDCBFF006A6478 /* Debug */ = {
			isa = XCBuildConfiguration;
			buildSettings = {
				ASSETCATALOG_COMPILER_APPICON_NAME = AppIcon;
				ASSETCATALOG_COMPILER_GLOBAL_ACCENT_COLOR_NAME = AccentColor;
				CODE_SIGN_STYLE = Automatic;
				CURRENT_PROJECT_VERSION = 1;
				DEVELOPMENT_ASSET_PATHS = "\"swiftyapp/Preview Content\"";
				DEVELOPMENT_TEAM = VHJ2J93B69;
				ENABLE_PREVIEWS = YES;
				GENERATE_INFOPLIST_FILE = YES;
				INFOPLIST_FILE = swiftyapp/Info.plist;
				INFOPLIST_KEY_UIApplicationSceneManifest_Generation = YES;
				INFOPLIST_KEY_UIApplicationSupportsIndirectInputEvents = YES;
				INFOPLIST_KEY_UILaunchScreen_Generation = YES;
				INFOPLIST_KEY_UISupportedInterfaceOrientations_iPad = "UIInterfaceOrientationPortrait UIInterfaceOrientationPortraitUpsideDown UIInterfaceOrientationLandscapeLeft UIInterfaceOrientationLandscapeRight";
				INFOPLIST_KEY_UISupportedInterfaceOrientations_iPhone = "UIInterfaceOrientationPortrait UIInterfaceOrientationLandscapeLeft UIInterfaceOrientationLandscapeRight";
				IPHONEOS_DEPLOYMENT_TARGET = 17.0;
				LD_RUNPATH_SEARCH_PATHS = (
					"$(inherited)",
					"@executable_path/Frameworks",
				);
				MARKETING_VERSION = 1.0;
				PRODUCT_BUNDLE_IDENTIFIER = daichi.swiftyapp;
				PRODUCT_NAME = "$(TARGET_NAME)";
				SWIFT_EMIT_LOC_STRINGS = YES;
				SWIFT_VERSION = 5.0;
				TARGETED_DEVICE_FAMILY = "1,2";
			};
			name = Debug;
		};
		9687474B2CEDCBFF006A6478 /* Release */ = {
			isa = XCBuildConfiguration;
			buildSettings = {
				ASSETCATALOG_COMPILER_APPICON_NAME = AppIcon;
				ASSETCATALOG_COMPILER_GLOBAL_ACCENT_COLOR_NAME = AccentColor;
				CODE_SIGN_STYLE = Automatic;
				CURRENT_PROJECT_VERSION = 1;
				DEVELOPMENT_ASSET_PATHS = "\"swiftyapp/Preview Content\"";
				DEVELOPMENT_TEAM = VHJ2J93B69;
				ENABLE_PREVIEWS = YES;
				GENERATE_INFOPLIST_FILE = YES;
				INFOPLIST_FILE = swiftyapp/Info.plist;
				INFOPLIST_KEY_UIApplicationSceneManifest_Generation = YES;
				INFOPLIST_KEY_UIApplicationSupportsIndirectInputEvents = YES;
				INFOPLIST_KEY_UILaunchScreen_Generation = YES;
				INFOPLIST_KEY_UISupportedInterfaceOrientations_iPad = "UIInterfaceOrientationPortrait UIInterfaceOrientationPortraitUpsideDown UIInterfaceOrientationLandscapeLeft UIInterfaceOrientationLandscapeRight";
				INFOPLIST_KEY_UISupportedInterfaceOrientations_iPhone = "UIInterfaceOrientationPortrait UIInterfaceOrientationLandscapeLeft UIInterfaceOrientationLandscapeRight";
				IPHONEOS_DEPLOYMENT_TARGET = 17.0;
				LD_RUNPATH_SEARCH_PATHS = (
					"$(inherited)",
					"@executable_path/Frameworks",
				);
				MARKETING_VERSION = 1.0;
				PRODUCT_BUNDLE_IDENTIFIER = daichi.swiftyapp;
				PRODUCT_NAME = "$(TARGET_NAME)";
				SWIFT_EMIT_LOC_STRINGS = YES;
				SWIFT_VERSION = 5.0;
				TARGETED_DEVICE_FAMILY = "1,2";
			};
			name = Release;
		};
		9687474D2CEDCBFF006A6478 /* Debug */ = {
			isa = XCBuildConfiguration;
			buildSettings = {
				BUNDLE_LOADER = "$(TEST_HOST)";
				CODE_SIGN_STYLE = Automatic;
				CURRENT_PROJECT_VERSION = 1;
				DEVELOPMENT_TEAM = VHJ2J93B69;
				GENERATE_INFOPLIST_FILE = YES;
				IPHONEOS_DEPLOYMENT_TARGET = 18.1;
				MARKETING_VERSION = 1.0;
				PRODUCT_BUNDLE_IDENTIFIER = daichi.swiftyappTests;
				PRODUCT_NAME = "$(TARGET_NAME)";
				SWIFT_EMIT_LOC_STRINGS = NO;
				SWIFT_VERSION = 5.0;
				TARGETED_DEVICE_FAMILY = "1,2";
				TEST_HOST = "$(BUILT_PRODUCTS_DIR)/swiftyapp.app/$(BUNDLE_EXECUTABLE_FOLDER_PATH)/swiftyapp";
			};
			name = Debug;
		};
		9687474E2CEDCBFF006A6478 /* Release */ = {
			isa = XCBuildConfiguration;
			buildSettings = {
				BUNDLE_LOADER = "$(TEST_HOST)";
				CODE_SIGN_STYLE = Automatic;
				CURRENT_PROJECT_VERSION = 1;
				DEVELOPMENT_TEAM = VHJ2J93B69;
				GENERATE_INFOPLIST_FILE = YES;
				IPHONEOS_DEPLOYMENT_TARGET = 18.1;
				MARKETING_VERSION = 1.0;
				PRODUCT_BUNDLE_IDENTIFIER = daichi.swiftyappTests;
				PRODUCT_NAME = "$(TARGET_NAME)";
				SWIFT_EMIT_LOC_STRINGS = NO;
				SWIFT_VERSION = 5.0;
				TARGETED_DEVICE_FAMILY = "1,2";
				TEST_HOST = "$(BUILT_PRODUCTS_DIR)/swiftyapp.app/$(BUNDLE_EXECUTABLE_FOLDER_PATH)/swiftyapp";
			};
			name = Release;
		};
		968747502CEDCBFF006A6478 /* Debug */ = {
			isa = XCBuildConfiguration;
			buildSettings = {
				CODE_SIGN_STYLE = Automatic;
				CURRENT_PROJECT_VERSION = 1;
				DEVELOPMENT_TEAM = VHJ2J93B69;
				GENERATE_INFOPLIST_FILE = YES;
				MARKETING_VERSION = 1.0;
				PRODUCT_BUNDLE_IDENTIFIER = daichi.swiftyappUITests;
				PRODUCT_NAME = "$(TARGET_NAME)";
				SWIFT_EMIT_LOC_STRINGS = NO;
				SWIFT_VERSION = 5.0;
				SYSTEM_FRAMEWORK_SEARCH_PATHS = "";
				TARGETED_DEVICE_FAMILY = "1,2";
				TEST_TARGET_NAME = swiftyapp;
			};
			name = Debug;
		};
		968747512CEDCBFF006A6478 /* Release */ = {
			isa = XCBuildConfiguration;
			buildSettings = {
				CODE_SIGN_STYLE = Automatic;
				CURRENT_PROJECT_VERSION = 1;
				DEVELOPMENT_TEAM = VHJ2J93B69;
				GENERATE_INFOPLIST_FILE = YES;
				MARKETING_VERSION = 1.0;
				PRODUCT_BUNDLE_IDENTIFIER = daichi.swiftyappUITests;
				PRODUCT_NAME = "$(TARGET_NAME)";
				SWIFT_EMIT_LOC_STRINGS = NO;
				SWIFT_VERSION = 5.0;
				SYSTEM_FRAMEWORK_SEARCH_PATHS = "";
				TARGETED_DEVICE_FAMILY = "1,2";
				TEST_TARGET_NAME = swiftyapp;
			};
			name = Release;
		};
/* End XCBuildConfiguration section */

/* Begin XCConfigurationList section */
		968747202CEDCBFE006A6478 /* Build configuration list for PBXProject "swiftyapp" */ = {
			isa = XCConfigurationList;
			buildConfigurations = (
				968747472CEDCBFF006A6478 /* Debug */,
				968747482CEDCBFF006A6478 /* Release */,
			);
			defaultConfigurationIsVisible = 0;
			defaultConfigurationName = Release;
		};
		968747492CEDCBFF006A6478 /* Build configuration list for PBXNativeTarget "swiftyapp" */ = {
			isa = XCConfigurationList;
			buildConfigurations = (
				9687474A2CEDCBFF006A6478 /* Debug */,
				9687474B2CEDCBFF006A6478 /* Release */,
			);
			defaultConfigurationIsVisible = 0;
			defaultConfigurationName = Release;
		};
		9687474C2CEDCBFF006A6478 /* Build configuration list for PBXNativeTarget "swiftyappTests" */ = {
			isa = XCConfigurationList;
			buildConfigurations = (
				9687474D2CEDCBFF006A6478 /* Debug */,
				9687474E2CEDCBFF006A6478 /* Release */,
			);
			defaultConfigurationIsVisible = 0;
			defaultConfigurationName = Release;
		};
		9687474F2CEDCBFF006A6478 /* Build configuration list for PBXNativeTarget "swiftyappUITests" */ = {
			isa = XCConfigurationList;
			buildConfigurations = (
				968747502CEDCBFF006A6478 /* Debug */,
				968747512CEDCBFF006A6478 /* Release */,
			);
			defaultConfigurationIsVisible = 0;
			defaultConfigurationName = Release;
		};
/* End XCConfigurationList section */

/* Begin XCRemoteSwiftPackageReference section */
		96C2FA4C2CF05E4E0074A03B /* XCRemoteSwiftPackageReference "pendo-mobile-sdk" */ = {
			isa = XCRemoteSwiftPackageReference;
			repositoryURL = "https://github.com/pendo-io/pendo-mobile-sdk";
			requirement = {
				kind = upToNextMajorVersion;
				minimumVersion = 3.4.3;
			};
		};
/* End XCRemoteSwiftPackageReference section */

/* Begin XCSwiftPackageProductDependency section */
		96C2FA602CF06C0A0074A03B /* Pendo */ = {
			isa = XCSwiftPackageProductDependency;
			package = 96C2FA4C2CF05E4E0074A03B /* XCRemoteSwiftPackageReference "pendo-mobile-sdk" */;
			productName = Pendo;
		};
/* End XCSwiftPackageProductDependency section */
	};
	rootObject = 9687471D2CEDCBFE006A6478 /* Project object */;
}
